// !$*UTF8*$!
{
	archiveVersion = 1;
	classes = {
	};
	objectVersion = 46;
	objects = {

/* Begin PBXBuildFile section */
		8422E3B21D94115100565995 /* AppDelegate.swift in Sources */ = {isa = PBXBuildFile; fileRef = 8422E3B11D94115100565995 /* AppDelegate.swift */; };
		8422E3B41D94115100565995 /* ViewController.swift in Sources */ = {isa = PBXBuildFile; fileRef = 8422E3B31D94115100565995 /* ViewController.swift */; };
		8422E3B71D94115100565995 /* Main.storyboard in Resources */ = {isa = PBXBuildFile; fileRef = 8422E3B51D94115100565995 /* Main.storyboard */; };
		8422E3B91D94115100565995 /* Assets.xcassets in Resources */ = {isa = PBXBuildFile; fileRef = 8422E3B81D94115100565995 /* Assets.xcassets */; };
		8422E3BC1D94115100565995 /* LaunchScreen.storyboard in Resources */ = {isa = PBXBuildFile; fileRef = 8422E3BA1D94115100565995 /* LaunchScreen.storyboard */; };
		8422E3C71D94115100565995 /* __Swift3_0___SwitchTests.swift in Sources */ = {isa = PBXBuildFile; fileRef = 8422E3C61D94115100565995 /* __Swift3_0___SwitchTests.swift */; };
		8422E3D21D94115100565995 /* __Swift3_0___SwitchUITests.swift in Sources */ = {isa = PBXBuildFile; fileRef = 8422E3D11D94115100565995 /* __Swift3_0___SwitchUITests.swift */; };
/* End PBXBuildFile section */

/* Begin PBXContainerItemProxy section */
		8422E3C31D94115100565995 /* PBXContainerItemProxy */ = {
			isa = PBXContainerItemProxy;
			containerPortal = 8422E3A61D94115100565995 /* Project object */;
			proxyType = 1;
			remoteGlobalIDString = 8422E3AD1D94115100565995;
			remoteInfo = "5.Swift3.0 - Switch";
		};
		8422E3CE1D94115100565995 /* PBXContainerItemProxy */ = {
			isa = PBXContainerItemProxy;
			containerPortal = 8422E3A61D94115100565995 /* Project object */;
			proxyType = 1;
			remoteGlobalIDString = 8422E3AD1D94115100565995;
			remoteInfo = "5.Swift3.0 - Switch";
		};
/* End PBXContainerItemProxy section */

/* Begin PBXFileReference section */
		8422E3AE1D94115100565995 /* 5.Swift3.0 - Switch.app */ = {isa = PBXFileReference; explicitFileType = wrapper.application; includeInIndex = 0; path = "5.Swift3.0 - Switch.app"; sourceTree = BUILT_PRODUCTS_DIR; };
		8422E3B11D94115100565995 /* AppDelegate.swift */ = {isa = PBXFileReference; lastKnownFileType = sourcecode.swift; path = AppDelegate.swift; sourceTree = "<group>"; };
		8422E3B31D94115100565995 /* ViewController.swift */ = {isa = PBXFileReference; lastKnownFileType = sourcecode.swift; path = ViewController.swift; sourceTree = "<group>"; };
		8422E3B61D94115100565995 /* Base */ = {isa = PBXFileReference; lastKnownFileType = file.storyboard; name = Base; path = Base.lproj/Main.storyboard; sourceTree = "<group>"; };
		8422E3B81D94115100565995 /* Assets.xcassets */ = {isa = PBXFileReference; lastKnownFileType = folder.assetcatalog; path = Assets.xcassets; sourceTree = "<group>"; };
		8422E3BB1D94115100565995 /* Base */ = {isa = PBXFileReference; lastKnownFileType = file.storyboard; name = Base; path = Base.lproj/LaunchScreen.storyboard; sourceTree = "<group>"; };
		8422E3BD1D94115100565995 /* Info.plist */ = {isa = PBXFileReference; lastKnownFileType = text.plist.xml; path = Info.plist; sourceTree = "<group>"; };
		8422E3C21D94115100565995 /* 5.Swift3.0 - SwitchTests.xctest */ = {isa = PBXFileReference; explicitFileType = wrapper.cfbundle; includeInIndex = 0; path = "5.Swift3.0 - SwitchTests.xctest"; sourceTree = BUILT_PRODUCTS_DIR; };
		8422E3C61D94115100565995 /* __Swift3_0___SwitchTests.swift */ = {isa = PBXFileReference; lastKnownFileType = sourcecode.swift; path = "__Swift3_0___SwitchTests.swift"; sourceTree = "<group>"; };
		8422E3C81D94115100565995 /* Info.plist */ = {isa = PBXFileReference; lastKnownFileType = text.plist.xml; path = Info.plist; sourceTree = "<group>"; };
		8422E3CD1D94115100565995 /* 5.Swift3.0 - SwitchUITests.xctest */ = {isa = PBXFileReference; explicitFileType = wrapper.cfbundle; includeInIndex = 0; path = "5.Swift3.0 - SwitchUITests.xctest"; sourceTree = BUILT_PRODUCTS_DIR; };
		8422E3D11D94115100565995 /* __Swift3_0___SwitchUITests.swift */ = {isa = PBXFileReference; lastKnownFileType = sourcecode.swift; path = "__Swift3_0___SwitchUITests.swift"; sourceTree = "<group>"; };
		8422E3D31D94115100565995 /* Info.plist */ = {isa = PBXFileReference; lastKnownFileType = text.plist.xml; path = Info.plist; sourceTree = "<group>"; };
/* End PBXFileReference section */

/* Begin PBXFrameworksBuildPhase section */
		8422E3AB1D94115100565995 /* Frameworks */ = {
			isa = PBXFrameworksBuildPhase;
			buildActionMask = 2147483647;
			files = (
			);
			runOnlyForDeploymentPostprocessing = 0;
		};
		8422E3BF1D94115100565995 /* Frameworks */ = {
			isa = PBXFrameworksBuildPhase;
			buildActionMask = 2147483647;
			files = (
			);
			runOnlyForDeploymentPostprocessing = 0;
		};
		8422E3CA1D94115100565995 /* Frameworks */ = {
			isa = PBXFrameworksBuildPhase;
			buildActionMask = 2147483647;
			files = (
			);
			runOnlyForDeploymentPostprocessing = 0;
		};
/* End PBXFrameworksBuildPhase section */

/* Begin PBXGroup section */
		8422E3A51D94115100565995 = {
			isa = PBXGroup;
			children = (
				8422E3B01D94115100565995 /* 5.Swift3.0 - Switch */,
				8422E3C51D94115100565995 /* 5.Swift3.0 - SwitchTests */,
				8422E3D01D94115100565995 /* 5.Swift3.0 - SwitchUITests */,
				8422E3AF1D94115100565995 /* Products */,
			);
			sourceTree = "<group>";
		};
		8422E3AF1D94115100565995 /* Products */ = {
			isa = PBXGroup;
			children = (
				8422E3AE1D94115100565995 /* 5.Swift3.0 - Switch.app */,
				8422E3C21D94115100565995 /* 5.Swift3.0 - SwitchTests.xctest */,
				8422E3CD1D94115100565995 /* 5.Swift3.0 - SwitchUITests.xctest */,
			);
			name = Products;
			sourceTree = "<group>";
		};
		8422E3B01D94115100565995 /* 5.Swift3.0 - Switch */ = {
			isa = PBXGroup;
			children = (
				8422E3B11D94115100565995 /* AppDelegate.swift */,
				8422E3B31D94115100565995 /* ViewController.swift */,
				8422E3B51D94115100565995 /* Main.storyboard */,
				8422E3B81D94115100565995 /* Assets.xcassets */,
				8422E3BA1D94115100565995 /* LaunchScreen.storyboard */,
				8422E3BD1D94115100565995 /* Info.plist */,
			);
			path = "5.Swift3.0 - Switch";
			sourceTree = "<group>";
		};
		8422E3C51D94115100565995 /* 5.Swift3.0 - SwitchTests */ = {
			isa = PBXGroup;
			children = (
				8422E3C61D94115100565995 /* __Swift3_0___SwitchTests.swift */,
				8422E3C81D94115100565995 /* Info.plist */,
			);
			path = "5.Swift3.0 - SwitchTests";
			sourceTree = "<group>";
		};
		8422E3D01D94115100565995 /* 5.Swift3.0 - SwitchUITests */ = {
			isa = PBXGroup;
			children = (
				8422E3D11D94115100565995 /* __Swift3_0___SwitchUITests.swift */,
				8422E3D31D94115100565995 /* Info.plist */,
			);
			path = "5.Swift3.0 - SwitchUITests";
			sourceTree = "<group>";
		};
/* End PBXGroup section */

/* Begin PBXNativeTarget section */
		8422E3AD1D94115100565995 /* 5.Swift3.0 - Switch */ = {
			isa = PBXNativeTarget;
			buildConfigurationList = 8422E3D61D94115100565995 /* Build configuration list for PBXNativeTarget "5.Swift3.0 - Switch" */;
			buildPhases = (
				8422E3AA1D94115100565995 /* Sources */,
				8422E3AB1D94115100565995 /* Frameworks */,
				8422E3AC1D94115100565995 /* Resources */,
			);
			buildRules = (
			);
			dependencies = (
			);
			name = "5.Swift3.0 - Switch";
			productName = "5.Swift3.0 - Switch";
			productReference = 8422E3AE1D94115100565995 /* 5.Swift3.0 - Switch.app */;
			productType = "com.apple.product-type.application";
		};
		8422E3C11D94115100565995 /* 5.Swift3.0 - SwitchTests */ = {
			isa = PBXNativeTarget;
			buildConfigurationList = 8422E3D91D94115100565995 /* Build configuration list for PBXNativeTarget "5.Swift3.0 - SwitchTests" */;
			buildPhases = (
				8422E3BE1D94115100565995 /* Sources */,
				8422E3BF1D94115100565995 /* Frameworks */,
				8422E3C01D94115100565995 /* Resources */,
			);
			buildRules = (
			);
			dependencies = (
				8422E3C41D94115100565995 /* PBXTargetDependency */,
			);
			name = "5.Swift3.0 - SwitchTests";
			productName = "5.Swift3.0 - SwitchTests";
			productReference = 8422E3C21D94115100565995 /* 5.Swift3.0 - SwitchTests.xctest */;
			productType = "com.apple.product-type.bundle.unit-test";
		};
		8422E3CC1D94115100565995 /* 5.Swift3.0 - SwitchUITests */ = {
			isa = PBXNativeTarget;
			buildConfigurationList = 8422E3DC1D94115100565995 /* Build configuration list for PBXNativeTarget "5.Swift3.0 - SwitchUITests" */;
			buildPhases = (
				8422E3C91D94115100565995 /* Sources */,
				8422E3CA1D94115100565995 /* Frameworks */,
				8422E3CB1D94115100565995 /* Resources */,
			);
			buildRules = (
			);
			dependencies = (
				8422E3CF1D94115100565995 /* PBXTargetDependency */,
			);
			name = "5.Swift3.0 - SwitchUITests";
			productName = "5.Swift3.0 - SwitchUITests";
			productReference = 8422E3CD1D94115100565995 /* 5.Swift3.0 - SwitchUITests.xctest */;
			productType = "com.apple.product-type.bundle.ui-testing";
		};
/* End PBXNativeTarget section */

/* Begin PBXProject section */
		8422E3A61D94115100565995 /* Project object */ = {
			isa = PBXProject;
			attributes = {
				LastSwiftUpdateCheck = 0800;
				LastUpgradeCheck = 0800;
				ORGANIZATIONNAME = wangzhenhai;
				TargetAttributes = {
					8422E3AD1D94115100565995 = {
						CreatedOnToolsVersion = 8.0;
						ProvisioningStyle = Automatic;
					};
					8422E3C11D94115100565995 = {
						CreatedOnToolsVersion = 8.0;
						ProvisioningStyle = Automatic;
						TestTargetID = 8422E3AD1D94115100565995;
					};
					8422E3CC1D94115100565995 = {
						CreatedOnToolsVersion = 8.0;
						ProvisioningStyle = Automatic;
						TestTargetID = 8422E3AD1D94115100565995;
					};
				};
			};
			buildConfigurationList = 8422E3A91D94115100565995 /* Build configuration list for PBXProject "5.Swift3.0 - Switch" */;
			compatibilityVersion = "Xcode 3.2";
			developmentRegion = English;
			hasScannedForEncodings = 0;
			knownRegions = (
				en,
				Base,
			);
			mainGroup = 8422E3A51D94115100565995;
			productRefGroup = 8422E3AF1D94115100565995 /* Products */;
			projectDirPath = "";
			projectRoot = "";
			targets = (
				8422E3AD1D94115100565995 /* 5.Swift3.0 - Switch */,
				8422E3C11D94115100565995 /* 5.Swift3.0 - SwitchTests */,
				8422E3CC1D94115100565995 /* 5.Swift3.0 - SwitchUITests */,
			);
		};
/* End PBXProject section */

/* Begin PBXResourcesBuildPhase section */
		8422E3AC1D94115100565995 /* Resources */ = {
			isa = PBXResourcesBuildPhase;
			buildActionMask = 2147483647;
			files = (
				8422E3BC1D94115100565995 /* LaunchScreen.storyboard in Resources */,
				8422E3B91D94115100565995 /* Assets.xcassets in Resources */,
				8422E3B71D94115100565995 /* Main.storyboard in Resources */,
			);
			runOnlyForDeploymentPostprocessing = 0;
		};
		8422E3C01D94115100565995 /* Resources */ = {
			isa = PBXResourcesBuildPhase;
			buildActionMask = 2147483647;
			files = (
			);
			runOnlyForDeploymentPostprocessing = 0;
		};
		8422E3CB1D94115100565995 /* Resources */ = {
			isa = PBXResourcesBuildPhase;
			buildActionMask = 2147483647;
			files = (
			);
			runOnlyForDeploymentPostprocessing = 0;
		};
/* End PBXResourcesBuildPhase section */

/* Begin PBXSourcesBuildPhase section */
		8422E3AA1D94115100565995 /* Sources */ = {
			isa = PBXSourcesBuildPhase;
			buildActionMask = 2147483647;
			files = (
				8422E3B41D94115100565995 /* ViewController.swift in Sources */,
				8422E3B21D94115100565995 /* AppDelegate.swift in Sources */,
			);
			runOnlyForDeploymentPostprocessing = 0;
		};
		8422E3BE1D94115100565995 /* Sources */ = {
			isa = PBXSourcesBuildPhase;
			buildActionMask = 2147483647;
			files = (
				8422E3C71D94115100565995 /* __Swift3_0___SwitchTests.swift in Sources */,
			);
			runOnlyForDeploymentPostprocessing = 0;
		};
		8422E3C91D94115100565995 /* Sources */ = {
			isa = PBXSourcesBuildPhase;
			buildActionMask = 2147483647;
			files = (
				8422E3D21D94115100565995 /* __Swift3_0___SwitchUITests.swift in Sources */,
			);
			runOnlyForDeploymentPostprocessing = 0;
		};
/* End PBXSourcesBuildPhase section */

/* Begin PBXTargetDependency section */
		8422E3C41D94115100565995 /* PBXTargetDependency */ = {
			isa = PBXTargetDependency;
			target = 8422E3AD1D94115100565995 /* 5.Swift3.0 - Switch */;
			targetProxy = 8422E3C31D94115100565995 /* PBXContainerItemProxy */;
		};
		8422E3CF1D94115100565995 /* PBXTargetDependency */ = {
			isa = PBXTargetDependency;
			target = 8422E3AD1D94115100565995 /* 5.Swift3.0 - Switch */;
			targetProxy = 8422E3CE1D94115100565995 /* PBXContainerItemProxy */;
		};
/* End PBXTargetDependency section */

/* Begin PBXVariantGroup section */
		8422E3B51D94115100565995 /* Main.storyboard */ = {
			isa = PBXVariantGroup;
			children = (
				8422E3B61D94115100565995 /* Base */,
			);
			name = Main.storyboard;
			sourceTree = "<group>";
		};
		8422E3BA1D94115100565995 /* LaunchScreen.storyboard */ = {
			isa = PBXVariantGroup;
			children = (
				8422E3BB1D94115100565995 /* Base */,
			);
			name = LaunchScreen.storyboard;
			sourceTree = "<group>";
		};
/* End PBXVariantGroup section */

/* Begin XCBuildConfiguration section */
		8422E3D41D94115100565995 /* Debug */ = {
			isa = XCBuildConfiguration;
			buildSettings = {
				ALWAYS_SEARCH_USER_PATHS = NO;
				CLANG_ANALYZER_NONNULL = YES;
				CLANG_CXX_LANGUAGE_STANDARD = "gnu++0x";
				CLANG_CXX_LIBRARY = "libc++";
				CLANG_ENABLE_MODULES = YES;
				CLANG_ENABLE_OBJC_ARC = YES;
				CLANG_WARN_BOOL_CONVERSION = YES;
				CLANG_WARN_CONSTANT_CONVERSION = YES;
				CLANG_WARN_DIRECT_OBJC_ISA_USAGE = YES_ERROR;
				CLANG_WARN_DOCUMENTATION_COMMENTS = YES;
				CLANG_WARN_EMPTY_BODY = YES;
				CLANG_WARN_ENUM_CONVERSION = YES;
				CLANG_WARN_INFINITE_RECURSION = YES;
				CLANG_WARN_INT_CONVERSION = YES;
				CLANG_WARN_OBJC_ROOT_CLASS = YES_ERROR;
				CLANG_WARN_SUSPICIOUS_MOVES = YES;
				CLANG_WARN_UNREACHABLE_CODE = YES;
				CLANG_WARN__DUPLICATE_METHOD_MATCH = YES;
				"CODE_SIGN_IDENTITY[sdk=iphoneos*]" = "iPhone Developer";
				COPY_PHASE_STRIP = NO;
				DEBUG_INFORMATION_FORMAT = dwarf;
				ENABLE_STRICT_OBJC_MSGSEND = YES;
				ENABLE_TESTABILITY = YES;
				GCC_C_LANGUAGE_STANDARD = gnu99;
				GCC_DYNAMIC_NO_PIC = NO;
				GCC_NO_COMMON_BLOCKS = YES;
				GCC_OPTIMIZATION_LEVEL = 0;
				GCC_PREPROCESSOR_DEFINITIONS = (
					"DEBUG=1",
					"$(inherited)",
				);
				GCC_WARN_64_TO_32_BIT_CONVERSION = YES;
				GCC_WARN_ABOUT_RETURN_TYPE = YES_ERROR;
				GCC_WARN_UNDECLARED_SELECTOR = YES;
				GCC_WARN_UNINITIALIZED_AUTOS = YES_AGGRESSIVE;
				GCC_WARN_UNUSED_FUNCTION = YES;
				GCC_WARN_UNUSED_VARIABLE = YES;
				IPHONEOS_DEPLOYMENT_TARGET = 10.0;
				MTL_ENABLE_DEBUG_INFO = YES;
				ONLY_ACTIVE_ARCH = YES;
				SDKROOT = iphoneos;
				SWIFT_ACTIVE_COMPILATION_CONDITIONS = DEBUG;
				SWIFT_OPTIMIZATION_LEVEL = "-Onone";
				TARGETED_DEVICE_FAMILY = "1,2";
			};
			name = Debug;
		};
		8422E3D51D94115100565995 /* Release */ = {
			isa = XCBuildConfiguration;
			buildSettings = {
				ALWAYS_SEARCH_USER_PATHS = NO;
				CLANG_ANALYZER_NONNULL = YES;
				CLANG_CXX_LANGUAGE_STANDARD = "gnu++0x";
				CLANG_CXX_LIBRARY = "libc++";
				CLANG_ENABLE_MODULES = YES;
				CLANG_ENABLE_OBJC_ARC = YES;
				CLANG_WARN_BOOL_CONVERSION = YES;
				CLANG_WARN_CONSTANT_CONVERSION = YES;
				CLANG_WARN_DIRECT_OBJC_ISA_USAGE = YES_ERROR;
				CLANG_WARN_DOCUMENTATION_COMMENTS = YES;
				CLANG_WARN_EMPTY_BODY = YES;
				CLANG_WARN_ENUM_CONVERSION = YES;
				CLANG_WARN_INFINITE_RECURSION = YES;
				CLANG_WARN_INT_CONVERSION = YES;
				CLANG_WARN_OBJC_ROOT_CLASS = YES_ERROR;
				CLANG_WARN_SUSPICIOUS_MOVES = YES;
				CLANG_WARN_UNREACHABLE_CODE = YES;
				CLANG_WARN__DUPLICATE_METHOD_MATCH = YES;
				"CODE_SIGN_IDENTITY[sdk=iphoneos*]" = "iPhone Developer";
				COPY_PHASE_STRIP = NO;
				DEBUG_INFORMATION_FORMAT = "dwarf-with-dsym";
				ENABLE_NS_ASSERTIONS = NO;
				ENABLE_STRICT_OBJC_MSGSEND = YES;
				GCC_C_LANGUAGE_STANDARD = gnu99;
				GCC_NO_COMMON_BLOCKS = YES;
				GCC_WARN_64_TO_32_BIT_CONVERSION = YES;
				GCC_WARN_ABOUT_RETURN_TYPE = YES_ERROR;
				GCC_WARN_UNDECLARED_SELECTOR = YES;
				GCC_WARN_UNINITIALIZED_AUTOS = YES_AGGRESSIVE;
				GCC_WARN_UNUSED_FUNCTION = YES;
				GCC_WARN_UNUSED_VARIABLE = YES;
				IPHONEOS_DEPLOYMENT_TARGET = 10.0;
				MTL_ENABLE_DEBUG_INFO = NO;
				SDKROOT = iphoneos;
				SWIFT_OPTIMIZATION_LEVEL = "-Owholemodule";
				TARGETED_DEVICE_FAMILY = "1,2";
				VALIDATE_PRODUCT = YES;
			};
			name = Release;
		};
		8422E3D71D94115100565995 /* Debug */ = {
			isa = XCBuildConfiguration;
			buildSettings = {
				ASSETCATALOG_COMPILER_APPICON_NAME = AppIcon;
				INFOPLIST_FILE = "5.Swift3.0 - Switch/Info.plist";
				LD_RUNPATH_SEARCH_PATHS = "$(inherited) @executable_path/Frameworks";
				PRODUCT_BUNDLE_IDENTIFIER = "com.wangzhenhai.--Swift3-0---Switch";
				PRODUCT_NAME = "$(TARGET_NAME)";
				SWIFT_VERSION = 3.0;
			};
			name = Debug;
		};
		8422E3D81D94115100565995 /* Release */ = {
			isa = XCBuildConfiguration;
			buildSettings = {
				ASSETCATALOG_COMPILER_APPICON_NAME = AppIcon;
				INFOPLIST_FILE = "5.Swift3.0 - Switch/Info.plist";
				LD_RUNPATH_SEARCH_PATHS = "$(inherited) @executable_path/Frameworks";
				PRODUCT_BUNDLE_IDENTIFIER = "com.wangzhenhai.--Swift3-0---Switch";
				PRODUCT_NAME = "$(TARGET_NAME)";
				SWIFT_VERSION = 3.0;
			};
			name = Release;
		};
		8422E3DA1D94115100565995 /* Debug */ = {
			isa = XCBuildConfiguration;
			buildSettings = {
				ALWAYS_EMBED_SWIFT_STANDARD_LIBRARIES = YES;
				BUNDLE_LOADER = "$(TEST_HOST)";
				INFOPLIST_FILE = "5.Swift3.0 - SwitchTests/Info.plist";
				LD_RUNPATH_SEARCH_PATHS = "$(inherited) @executable_path/Frameworks @loader_path/Frameworks";
				PRODUCT_BUNDLE_IDENTIFIER = "com.wangzhenhai.--Swift3-0---SwitchTests";
				PRODUCT_NAME = "$(TARGET_NAME)";
				SWIFT_VERSION = 3.0;
				TEST_HOST = "$(BUILT_PRODUCTS_DIR)/5.Swift3.0 - Switch.app/5.Swift3.0 - Switch";
			};
			name = Debug;
		};
		8422E3DB1D94115100565995 /* Release */ = {
			isa = XCBuildConfiguration;
			buildSettings = {
				ALWAYS_EMBED_SWIFT_STANDARD_LIBRARIES = YES;
				BUNDLE_LOADER = "$(TEST_HOST)";
				INFOPLIST_FILE = "5.Swift3.0 - SwitchTests/Info.plist";
				LD_RUNPATH_SEARCH_PATHS = "$(inherited) @executable_path/Frameworks @loader_path/Frameworks";
				PRODUCT_BUNDLE_IDENTIFIER = "com.wangzhenhai.--Swift3-0---SwitchTests";
				PRODUCT_NAME = "$(TARGET_NAME)";
				SWIFT_VERSION = 3.0;
				TEST_HOST = "$(BUILT_PRODUCTS_DIR)/5.Swift3.0 - Switch.app/5.Swift3.0 - Switch";
			};
			name = Release;
		};
		8422E3DD1D94115100565995 /* Debug */ = {
			isa = XCBuildConfiguration;
			buildSettings = {
				ALWAYS_EMBED_SWIFT_STANDARD_LIBRARIES = YES;
				INFOPLIST_FILE = "5.Swift3.0 - SwitchUITests/Info.plist";
				LD_RUNPATH_SEARCH_PATHS = "$(inherited) @executable_path/Frameworks @loader_path/Frameworks";
				PRODUCT_BUNDLE_IDENTIFIER = "com.wangzhenhai.--Swift3-0---SwitchUITests";
				PRODUCT_NAME = "$(TARGET_NAME)";
				SWIFT_VERSION = 3.0;
				TEST_TARGET_NAME = "5.Swift3.0 - Switch";
			};
			name = Debug;
		};
		8422E3DE1D94115100565995 /* Release */ = {
			isa = XCBuildConfiguration;
			buildSettings = {
				ALWAYS_EMBED_SWIFT_STANDARD_LIBRARIES = YES;
				INFOPLIST_FILE = "5.Swift3.0 - SwitchUITests/Info.plist";
				LD_RUNPATH_SEARCH_PATHS = "$(inherited) @executable_path/Frameworks @loader_path/Frameworks";
				PRODUCT_BUNDLE_IDENTIFIER = "com.wangzhenhai.--Swift3-0---SwitchUITests";
				PRODUCT_NAME = "$(TARGET_NAME)";
				SWIFT_VERSION = 3.0;
				TEST_TARGET_NAME = "5.Swift3.0 - Switch";
			};
			name = Release;
		};
/* End XCBuildConfiguration section */

/* Begin XCConfigurationList section */
		8422E3A91D94115100565995 /* Build configuration list for PBXProject "5.Swift3.0 - Switch" */ = {
			isa = XCConfigurationList;
			buildConfigurations = (
				8422E3D41D94115100565995 /* Debug */,
				8422E3D51D94115100565995 /* Release */,
			);
			defaultConfigurationIsVisible = 0;
			defaultConfigurationName = Release;
		};
		8422E3D61D94115100565995 /* Build configuration list for PBXNativeTarget "5.Swift3.0 - Switch" */ = {
			isa = XCConfigurationList;
			buildConfigurations = (
				8422E3D71D94115100565995 /* Debug */,
				8422E3D81D94115100565995 /* Release */,
			);
			defaultConfigurationIsVisible = 0;
		};
		8422E3D91D94115100565995 /* Build configuration list for PBXNativeTarget "5.Swift3.0 - SwitchTests" */ = {
			isa = XCConfigurationList;
			buildConfigurations = (
				8422E3DA1D94115100565995 /* Debug */,
				8422E3DB1D94115100565995 /* Release */,
			);
			defaultConfigurationIsVisible = 0;
		};
		8422E3DC1D94115100565995 /* Build configuration list for PBXNativeTarget "5.Swift3.0 - SwitchUITests" */ = {
			isa = XCConfigurationList;
			buildConfigurations = (
				8422E3DD1D94115100565995 /* Debug */,
				8422E3DE1D94115100565995 /* Release */,
			);
			defaultConfigurationIsVisible = 0;
		};
/* End XCConfigurationList section */
	};
	rootObject = 8422E3A61D94115100565995 /* Project object */;
}
