// !$*UTF8*$!
{
	archiveVersion = 1;
	classes = {
	};
	objectVersion = 46;
	objects = {

/* Begin PBXBuildFile section */
		F0F9FDA61D66B0B2009752C7 /* main.m in Sources */ = {isa = PBXBuildFile; fileRef = F0F9FDA51D66B0B2009752C7 /* main.m */; };
		F0F9FDA91D66B0B2009752C7 /* AppDelegate.m in Sources */ = {isa = PBXBuildFile; fileRef = F0F9FDA81D66B0B2009752C7 /* AppDelegate.m */; };
		F0F9FDAC1D66B0B2009752C7 /* ViewController.m in Sources */ = {isa = PBXBuildFile; fileRef = F0F9FDAB1D66B0B2009752C7 /* ViewController.m */; };
		F0F9FDAF1D66B0B2009752C7 /* Main.storyboard in Resources */ = {isa = PBXBuildFile; fileRef = F0F9FDAD1D66B0B2009752C7 /* Main.storyboard */; };
		F0F9FDB11D66B0B2009752C7 /* Assets.xcassets in Resources */ = {isa = PBXBuildFile; fileRef = F0F9FDB01D66B0B2009752C7 /* Assets.xcassets */; };
		F0F9FDB41D66B0B2009752C7 /* LaunchScreen.storyboard in Resources */ = {isa = PBXBuildFile; fileRef = F0F9FDB21D66B0B2009752C7 /* LaunchScreen.storyboard */; };
		F0F9FDBF1D66B0B2009752C7 /* ____Tests.m in Sources */ = {isa = PBXBuildFile; fileRef = F0F9FDBE1D66B0B2009752C7 /* ____Tests.m */; };
		F0F9FDCA1D66B0B2009752C7 /* ____UITests.m in Sources */ = {isa = PBXBuildFile; fileRef = F0F9FDC91D66B0B2009752C7 /* ____UITests.m */; };
		F0F9FDDF1D66B1AA009752C7 /* ZHChainedLabel.m in Sources */ = {isa = PBXBuildFile; fileRef = F0F9FDDE1D66B1AA009752C7 /* ZHChainedLabel.m */; };
/* End PBXBuildFile section */

/* Begin PBXContainerItemProxy section */
		F0F9FDBB1D66B0B2009752C7 /* PBXContainerItemProxy */ = {
			isa = PBXContainerItemProxy;
			containerPortal = F0F9FD991D66B0B2009752C7 /* Project object */;
			proxyType = 1;
			remoteGlobalIDString = F0F9FDA01D66B0B2009752C7;
			remoteInfo = "链式编程";
		};
		F0F9FDC61D66B0B2009752C7 /* PBXContainerItemProxy */ = {
			isa = PBXContainerItemProxy;
			containerPortal = F0F9FD991D66B0B2009752C7 /* Project object */;
			proxyType = 1;
			remoteGlobalIDString = F0F9FDA01D66B0B2009752C7;
			remoteInfo = "链式编程";
		};
/* End PBXContainerItemProxy section */

/* Begin PBXFileReference section */
		F0F9FDA11D66B0B2009752C7 /* 链式编程.app */ = {isa = PBXFileReference; explicitFileType = wrapper.application; includeInIndex = 0; path = "链式编程.app"; sourceTree = BUILT_PRODUCTS_DIR; };
		F0F9FDA51D66B0B2009752C7 /* main.m */ = {isa = PBXFileReference; lastKnownFileType = sourcecode.c.objc; path = main.m; sourceTree = "<group>"; };
		F0F9FDA71D66B0B2009752C7 /* AppDelegate.h */ = {isa = PBXFileReference; lastKnownFileType = sourcecode.c.h; path = AppDelegate.h; sourceTree = "<group>"; };
		F0F9FDA81D66B0B2009752C7 /* AppDelegate.m */ = {isa = PBXFileReference; lastKnownFileType = sourcecode.c.objc; path = AppDelegate.m; sourceTree = "<group>"; };
		F0F9FDAA1D66B0B2009752C7 /* ViewController.h */ = {isa = PBXFileReference; lastKnownFileType = sourcecode.c.h; path = ViewController.h; sourceTree = "<group>"; };
		F0F9FDAB1D66B0B2009752C7 /* ViewController.m */ = {isa = PBXFileReference; lastKnownFileType = sourcecode.c.objc; path = ViewController.m; sourceTree = "<group>"; };
		F0F9FDAE1D66B0B2009752C7 /* Base */ = {isa = PBXFileReference; lastKnownFileType = file.storyboard; name = Base; path = Base.lproj/Main.storyboard; sourceTree = "<group>"; };
		F0F9FDB01D66B0B2009752C7 /* Assets.xcassets */ = {isa = PBXFileReference; lastKnownFileType = folder.assetcatalog; path = Assets.xcassets; sourceTree = "<group>"; };
		F0F9FDB31D66B0B2009752C7 /* Base */ = {isa = PBXFileReference; lastKnownFileType = file.storyboard; name = Base; path = Base.lproj/LaunchScreen.storyboard; sourceTree = "<group>"; };
		F0F9FDB51D66B0B2009752C7 /* Info.plist */ = {isa = PBXFileReference; lastKnownFileType = text.plist.xml; path = Info.plist; sourceTree = "<group>"; };
		F0F9FDBA1D66B0B2009752C7 /* 链式编程Tests.xctest */ = {isa = PBXFileReference; explicitFileType = wrapper.cfbundle; includeInIndex = 0; path = "链式编程Tests.xctest"; sourceTree = BUILT_PRODUCTS_DIR; };
		F0F9FDBE1D66B0B2009752C7 /* ____Tests.m */ = {isa = PBXFileReference; lastKnownFileType = sourcecode.c.objc; path = "____Tests.m"; sourceTree = "<group>"; };
		F0F9FDC01D66B0B2009752C7 /* Info.plist */ = {isa = PBXFileReference; lastKnownFileType = text.plist.xml; path = Info.plist; sourceTree = "<group>"; };
		F0F9FDC51D66B0B2009752C7 /* 链式编程UITests.xctest */ = {isa = PBXFileReference; explicitFileType = wrapper.cfbundle; includeInIndex = 0; path = "链式编程UITests.xctest"; sourceTree = BUILT_PRODUCTS_DIR; };
		F0F9FDC91D66B0B2009752C7 /* ____UITests.m */ = {isa = PBXFileReference; lastKnownFileType = sourcecode.c.objc; path = "____UITests.m"; sourceTree = "<group>"; };
		F0F9FDCB1D66B0B2009752C7 /* Info.plist */ = {isa = PBXFileReference; lastKnownFileType = text.plist.xml; path = Info.plist; sourceTree = "<group>"; };
		F0F9FDDD1D66B1AA009752C7 /* ZHChainedLabel.h */ = {isa = PBXFileReference; fileEncoding = 4; lastKnownFileType = sourcecode.c.h; path = ZHChainedLabel.h; sourceTree = "<group>"; };
		F0F9FDDE1D66B1AA009752C7 /* ZHChainedLabel.m */ = {isa = PBXFileReference; fileEncoding = 4; lastKnownFileType = sourcecode.c.objc; path = ZHChainedLabel.m; sourceTree = "<group>"; };
/* End PBXFileReference section */

/* Begin PBXFrameworksBuildPhase section */
		F0F9FD9E1D66B0B2009752C7 /* Frameworks */ = {
			isa = PBXFrameworksBuildPhase;
			buildActionMask = 2147483647;
			files = (
			);
			runOnlyForDeploymentPostprocessing = 0;
		};
		F0F9FDB71D66B0B2009752C7 /* Frameworks */ = {
			isa = PBXFrameworksBuildPhase;
			buildActionMask = 2147483647;
			files = (
			);
			runOnlyForDeploymentPostprocessing = 0;
		};
		F0F9FDC21D66B0B2009752C7 /* Frameworks */ = {
			isa = PBXFrameworksBuildPhase;
			buildActionMask = 2147483647;
			files = (
			);
			runOnlyForDeploymentPostprocessing = 0;
		};
/* End PBXFrameworksBuildPhase section */

/* Begin PBXGroup section */
		F0F9FD981D66B0B2009752C7 = {
			isa = PBXGroup;
			children = (
				F0F9FDA31D66B0B2009752C7 /* 链式编程 */,
				F0F9FDBD1D66B0B2009752C7 /* 链式编程Tests */,
				F0F9FDC81D66B0B2009752C7 /* 链式编程UITests */,
				F0F9FDA21D66B0B2009752C7 /* Products */,
			);
			sourceTree = "<group>";
		};
		F0F9FDA21D66B0B2009752C7 /* Products */ = {
			isa = PBXGroup;
			children = (
				F0F9FDA11D66B0B2009752C7 /* 链式编程.app */,
				F0F9FDBA1D66B0B2009752C7 /* 链式编程Tests.xctest */,
				F0F9FDC51D66B0B2009752C7 /* 链式编程UITests.xctest */,
			);
			name = Products;
			sourceTree = "<group>";
		};
		F0F9FDA31D66B0B2009752C7 /* 链式编程 */ = {
			isa = PBXGroup;
			children = (
				F0F9FDDD1D66B1AA009752C7 /* ZHChainedLabel.h */,
				F0F9FDDE1D66B1AA009752C7 /* ZHChainedLabel.m */,
				F0F9FDA71D66B0B2009752C7 /* AppDelegate.h */,
				F0F9FDA81D66B0B2009752C7 /* AppDelegate.m */,
				F0F9FDAA1D66B0B2009752C7 /* ViewController.h */,
				F0F9FDAB1D66B0B2009752C7 /* ViewController.m */,
				F0F9FDAD1D66B0B2009752C7 /* Main.storyboard */,
				F0F9FDB01D66B0B2009752C7 /* Assets.xcassets */,
				F0F9FDB21D66B0B2009752C7 /* LaunchScreen.storyboard */,
				F0F9FDB51D66B0B2009752C7 /* Info.plist */,
				F0F9FDA41D66B0B2009752C7 /* Supporting Files */,
			);
			path = "链式编程";
			sourceTree = "<group>";
		};
		F0F9FDA41D66B0B2009752C7 /* Supporting Files */ = {
			isa = PBXGroup;
			children = (
				F0F9FDA51D66B0B2009752C7 /* main.m */,
			);
			name = "Supporting Files";
			sourceTree = "<group>";
		};
		F0F9FDBD1D66B0B2009752C7 /* 链式编程Tests */ = {
			isa = PBXGroup;
			children = (
				F0F9FDBE1D66B0B2009752C7 /* ____Tests.m */,
				F0F9FDC01D66B0B2009752C7 /* Info.plist */,
			);
			path = "链式编程Tests";
			sourceTree = "<group>";
		};
		F0F9FDC81D66B0B2009752C7 /* 链式编程UITests */ = {
			isa = PBXGroup;
			children = (
				F0F9FDC91D66B0B2009752C7 /* ____UITests.m */,
				F0F9FDCB1D66B0B2009752C7 /* Info.plist */,
			);
			path = "链式编程UITests";
			sourceTree = "<group>";
		};
/* End PBXGroup section */

/* Begin PBXNativeTarget section */
		F0F9FDA01D66B0B2009752C7 /* 链式编程 */ = {
			isa = PBXNativeTarget;
			buildConfigurationList = F0F9FDCE1D66B0B2009752C7 /* Build configuration list for PBXNativeTarget "链式编程" */;
			buildPhases = (
				F0F9FD9D1D66B0B2009752C7 /* Sources */,
				F0F9FD9E1D66B0B2009752C7 /* Frameworks */,
				F0F9FD9F1D66B0B2009752C7 /* Resources */,
			);
			buildRules = (
			);
			dependencies = (
			);
			name = "链式编程";
			productName = "链式编程";
			productReference = F0F9FDA11D66B0B2009752C7 /* 链式编程.app */;
			productType = "com.apple.product-type.application";
		};
		F0F9FDB91D66B0B2009752C7 /* 链式编程Tests */ = {
			isa = PBXNativeTarget;
			buildConfigurationList = F0F9FDD11D66B0B2009752C7 /* Build configuration list for PBXNativeTarget "链式编程Tests" */;
			buildPhases = (
				F0F9FDB61D66B0B2009752C7 /* Sources */,
				F0F9FDB71D66B0B2009752C7 /* Frameworks */,
				F0F9FDB81D66B0B2009752C7 /* Resources */,
			);
			buildRules = (
			);
			dependencies = (
				F0F9FDBC1D66B0B2009752C7 /* PBXTargetDependency */,
			);
			name = "链式编程Tests";
			productName = "链式编程Tests";
			productReference = F0F9FDBA1D66B0B2009752C7 /* 链式编程Tests.xctest */;
			productType = "com.apple.product-type.bundle.unit-test";
		};
		F0F9FDC41D66B0B2009752C7 /* 链式编程UITests */ = {
			isa = PBXNativeTarget;
			buildConfigurationList = F0F9FDD41D66B0B2009752C7 /* Build configuration list for PBXNativeTarget "链式编程UITests" */;
			buildPhases = (
				F0F9FDC11D66B0B2009752C7 /* Sources */,
				F0F9FDC21D66B0B2009752C7 /* Frameworks */,
				F0F9FDC31D66B0B2009752C7 /* Resources */,
			);
			buildRules = (
			);
			dependencies = (
				F0F9FDC71D66B0B2009752C7 /* PBXTargetDependency */,
			);
			name = "链式编程UITests";
			productName = "链式编程UITests";
			productReference = F0F9FDC51D66B0B2009752C7 /* 链式编程UITests.xctest */;
			productType = "com.apple.product-type.bundle.ui-testing";
		};
/* End PBXNativeTarget section */

/* Begin PBXProject section */
		F0F9FD991D66B0B2009752C7 /* Project object */ = {
			isa = PBXProject;
			attributes = {
				LastUpgradeCheck = 0730;
				ORGANIZATIONNAME = "王振海";
				TargetAttributes = {
					F0F9FDA01D66B0B2009752C7 = {
						CreatedOnToolsVersion = 7.3.1;
					};
					F0F9FDB91D66B0B2009752C7 = {
						CreatedOnToolsVersion = 7.3.1;
						TestTargetID = F0F9FDA01D66B0B2009752C7;
					};
					F0F9FDC41D66B0B2009752C7 = {
						CreatedOnToolsVersion = 7.3.1;
						TestTargetID = F0F9FDA01D66B0B2009752C7;
					};
				};
			};
			buildConfigurationList = F0F9FD9C1D66B0B2009752C7 /* Build configuration list for PBXProject "链式编程" */;
			compatibilityVersion = "Xcode 3.2";
			developmentRegion = English;
			hasScannedForEncodings = 0;
			knownRegions = (
				en,
				Base,
			);
			mainGroup = F0F9FD981D66B0B2009752C7;
			productRefGroup = F0F9FDA21D66B0B2009752C7 /* Products */;
			projectDirPath = "";
			projectRoot = "";
			targets = (
				F0F9FDA01D66B0B2009752C7 /* 链式编程 */,
				F0F9FDB91D66B0B2009752C7 /* 链式编程Tests */,
				F0F9FDC41D66B0B2009752C7 /* 链式编程UITests */,
			);
		};
/* End PBXProject section */

/* Begin PBXResourcesBuildPhase section */
		F0F9FD9F1D66B0B2009752C7 /* Resources */ = {
			isa = PBXResourcesBuildPhase;
			buildActionMask = 2147483647;
			files = (
				F0F9FDB41D66B0B2009752C7 /* LaunchScreen.storyboard in Resources */,
				F0F9FDB11D66B0B2009752C7 /* Assets.xcassets in Resources */,
				F0F9FDAF1D66B0B2009752C7 /* Main.storyboard in Resources */,
			);
			runOnlyForDeploymentPostprocessing = 0;
		};
		F0F9FDB81D66B0B2009752C7 /* Resources */ = {
			isa = PBXResourcesBuildPhase;
			buildActionMask = 2147483647;
			files = (
			);
			runOnlyForDeploymentPostprocessing = 0;
		};
		F0F9FDC31D66B0B2009752C7 /* Resources */ = {
			isa = PBXResourcesBuildPhase;
			buildActionMask = 2147483647;
			files = (
			);
			runOnlyForDeploymentPostprocessing = 0;
		};
/* End PBXResourcesBuildPhase section */

/* Begin PBXSourcesBuildPhase section */
		F0F9FD9D1D66B0B2009752C7 /* Sources */ = {
			isa = PBXSourcesBuildPhase;
			buildActionMask = 2147483647;
			files = (
				F0F9FDAC1D66B0B2009752C7 /* ViewController.m in Sources */,
				F0F9FDDF1D66B1AA009752C7 /* ZHChainedLabel.m in Sources */,
				F0F9FDA91D66B0B2009752C7 /* AppDelegate.m in Sources */,
				F0F9FDA61D66B0B2009752C7 /* main.m in Sources */,
			);
			runOnlyForDeploymentPostprocessing = 0;
		};
		F0F9FDB61D66B0B2009752C7 /* Sources */ = {
			isa = PBXSourcesBuildPhase;
			buildActionMask = 2147483647;
			files = (
				F0F9FDBF1D66B0B2009752C7 /* ____Tests.m in Sources */,
			);
			runOnlyForDeploymentPostprocessing = 0;
		};
		F0F9FDC11D66B0B2009752C7 /* Sources */ = {
			isa = PBXSourcesBuildPhase;
			buildActionMask = 2147483647;
			files = (
				F0F9FDCA1D66B0B2009752C7 /* ____UITests.m in Sources */,
			);
			runOnlyForDeploymentPostprocessing = 0;
		};
/* End PBXSourcesBuildPhase section */

/* Begin PBXTargetDependency section */
		F0F9FDBC1D66B0B2009752C7 /* PBXTargetDependency */ = {
			isa = PBXTargetDependency;
			target = F0F9FDA01D66B0B2009752C7 /* 链式编程 */;
			targetProxy = F0F9FDBB1D66B0B2009752C7 /* PBXContainerItemProxy */;
		};
		F0F9FDC71D66B0B2009752C7 /* PBXTargetDependency */ = {
			isa = PBXTargetDependency;
			target = F0F9FDA01D66B0B2009752C7 /* 链式编程 */;
			targetProxy = F0F9FDC61D66B0B2009752C7 /* PBXContainerItemProxy */;
		};
/* End PBXTargetDependency section */

/* Begin PBXVariantGroup section */
		F0F9FDAD1D66B0B2009752C7 /* Main.storyboard */ = {
			isa = PBXVariantGroup;
			children = (
				F0F9FDAE1D66B0B2009752C7 /* Base */,
			);
			name = Main.storyboard;
			sourceTree = "<group>";
		};
		F0F9FDB21D66B0B2009752C7 /* LaunchScreen.storyboard */ = {
			isa = PBXVariantGroup;
			children = (
				F0F9FDB31D66B0B2009752C7 /* Base */,
			);
			name = LaunchScreen.storyboard;
			sourceTree = "<group>";
		};
/* End PBXVariantGroup section */

/* Begin XCBuildConfiguration section */
		F0F9FDCC1D66B0B2009752C7 /* Debug */ = {
			isa = XCBuildConfiguration;
			buildSettings = {
				ALWAYS_SEARCH_USER_PATHS = NO;
				CLANG_ANALYZER_NONNULL = YES;
				CLANG_CXX_LANGUAGE_STANDARD = "gnu++0x";
				CLANG_CXX_LIBRARY = "libc++";
				CLANG_ENABLE_MODULES = YES;
				CLANG_ENABLE_OBJC_ARC = YES;
				CLANG_WARN_BOOL_CONVERSION = YES;
				CLANG_WARN_CONSTANT_CONVERSION = YES;
				CLANG_WARN_DIRECT_OBJC_ISA_USAGE = YES_ERROR;
				CLANG_WARN_EMPTY_BODY = YES;
				CLANG_WARN_ENUM_CONVERSION = YES;
				CLANG_WARN_INT_CONVERSION = YES;
				CLANG_WARN_OBJC_ROOT_CLASS = YES_ERROR;
				CLANG_WARN_UNREACHABLE_CODE = YES;
				CLANG_WARN__DUPLICATE_METHOD_MATCH = YES;
				"CODE_SIGN_IDENTITY[sdk=iphoneos*]" = "iPhone Developer";
				COPY_PHASE_STRIP = NO;
				DEBUG_INFORMATION_FORMAT = dwarf;
				ENABLE_STRICT_OBJC_MSGSEND = YES;
				ENABLE_TESTABILITY = YES;
				GCC_C_LANGUAGE_STANDARD = gnu99;
				GCC_DYNAMIC_NO_PIC = NO;
				GCC_NO_COMMON_BLOCKS = YES;
				GCC_OPTIMIZATION_LEVEL = 0;
				GCC_PREPROCESSOR_DEFINITIONS = (
					"DEBUG=1",
					"$(inherited)",
				);
				GCC_WARN_64_TO_32_BIT_CONVERSION = YES;
				GCC_WARN_ABOUT_RETURN_TYPE = YES_ERROR;
				GCC_WARN_UNDECLARED_SELECTOR = YES;
				GCC_WARN_UNINITIALIZED_AUTOS = YES_AGGRESSIVE;
				GCC_WARN_UNUSED_FUNCTION = YES;
				GCC_WARN_UNUSED_VARIABLE = YES;
				IPHONEOS_DEPLOYMENT_TARGET = 9.3;
				MTL_ENABLE_DEBUG_INFO = YES;
				ONLY_ACTIVE_ARCH = YES;
				SDKROOT = iphoneos;
				TARGETED_DEVICE_FAMILY = "1,2";
			};
			name = Debug;
		};
		F0F9FDCD1D66B0B2009752C7 /* Release */ = {
			isa = XCBuildConfiguration;
			buildSettings = {
				ALWAYS_SEARCH_USER_PATHS = NO;
				CLANG_ANALYZER_NONNULL = YES;
				CLANG_CXX_LANGUAGE_STANDARD = "gnu++0x";
				CLANG_CXX_LIBRARY = "libc++";
				CLANG_ENABLE_MODULES = YES;
				CLANG_ENABLE_OBJC_ARC = YES;
				CLANG_WARN_BOOL_CONVERSION = YES;
				CLANG_WARN_CONSTANT_CONVERSION = YES;
				CLANG_WARN_DIRECT_OBJC_ISA_USAGE = YES_ERROR;
				CLANG_WARN_EMPTY_BODY = YES;
				CLANG_WARN_ENUM_CONVERSION = YES;
				CLANG_WARN_INT_CONVERSION = YES;
				CLANG_WARN_OBJC_ROOT_CLASS = YES_ERROR;
				CLANG_WARN_UNREACHABLE_CODE = YES;
				CLANG_WARN__DUPLICATE_METHOD_MATCH = YES;
				"CODE_SIGN_IDENTITY[sdk=iphoneos*]" = "iPhone Developer";
				COPY_PHASE_STRIP = NO;
				DEBUG_INFORMATION_FORMAT = "dwarf-with-dsym";
				ENABLE_NS_ASSERTIONS = NO;
				ENABLE_STRICT_OBJC_MSGSEND = YES;
				GCC_C_LANGUAGE_STANDARD = gnu99;
				GCC_NO_COMMON_BLOCKS = YES;
				GCC_WARN_64_TO_32_BIT_CONVERSION = YES;
				GCC_WARN_ABOUT_RETURN_TYPE = YES_ERROR;
				GCC_WARN_UNDECLARED_SELECTOR = YES;
				GCC_WARN_UNINITIALIZED_AUTOS = YES_AGGRESSIVE;
				GCC_WARN_UNUSED_FUNCTION = YES;
				GCC_WARN_UNUSED_VARIABLE = YES;
				IPHONEOS_DEPLOYMENT_TARGET = 9.3;
				MTL_ENABLE_DEBUG_INFO = NO;
				SDKROOT = iphoneos;
				TARGETED_DEVICE_FAMILY = "1,2";
				VALIDATE_PRODUCT = YES;
			};
			name = Release;
		};
		F0F9FDCF1D66B0B2009752C7 /* Debug */ = {
			isa = XCBuildConfiguration;
			buildSettings = {
				ASSETCATALOG_COMPILER_APPICON_NAME = AppIcon;
				INFOPLIST_FILE = "链式编程/Info.plist";
				LD_RUNPATH_SEARCH_PATHS = "$(inherited) @executable_path/Frameworks";
				PRODUCT_BUNDLE_IDENTIFIER = "com.limpid.----";
				PRODUCT_NAME = "$(TARGET_NAME)";
			};
			name = Debug;
		};
		F0F9FDD01D66B0B2009752C7 /* Release */ = {
			isa = XCBuildConfiguration;
			buildSettings = {
				ASSETCATALOG_COMPILER_APPICON_NAME = AppIcon;
				INFOPLIST_FILE = "链式编程/Info.plist";
				LD_RUNPATH_SEARCH_PATHS = "$(inherited) @executable_path/Frameworks";
				PRODUCT_BUNDLE_IDENTIFIER = "com.limpid.----";
				PRODUCT_NAME = "$(TARGET_NAME)";
			};
			name = Release;
		};
		F0F9FDD21D66B0B2009752C7 /* Debug */ = {
			isa = XCBuildConfiguration;
			buildSettings = {
				BUNDLE_LOADER = "$(TEST_HOST)";
				INFOPLIST_FILE = "链式编程Tests/Info.plist";
				LD_RUNPATH_SEARCH_PATHS = "$(inherited) @executable_path/Frameworks @loader_path/Frameworks";
				PRODUCT_BUNDLE_IDENTIFIER = "com.limpid.----Tests";
				PRODUCT_NAME = "$(TARGET_NAME)";
				TEST_HOST = "$(BUILT_PRODUCTS_DIR)/链式编程.app/链式编程";
			};
			name = Debug;
		};
		F0F9FDD31D66B0B2009752C7 /* Release */ = {
			isa = XCBuildConfiguration;
			buildSettings = {
				BUNDLE_LOADER = "$(TEST_HOST)";
				INFOPLIST_FILE = "链式编程Tests/Info.plist";
				LD_RUNPATH_SEARCH_PATHS = "$(inherited) @executable_path/Frameworks @loader_path/Frameworks";
				PRODUCT_BUNDLE_IDENTIFIER = "com.limpid.----Tests";
				PRODUCT_NAME = "$(TARGET_NAME)";
				TEST_HOST = "$(BUILT_PRODUCTS_DIR)/链式编程.app/链式编程";
			};
			name = Release;
		};
		F0F9FDD51D66B0B2009752C7 /* Debug */ = {
			isa = XCBuildConfiguration;
			buildSettings = {
				INFOPLIST_FILE = "链式编程UITests/Info.plist";
				LD_RUNPATH_SEARCH_PATHS = "$(inherited) @executable_path/Frameworks @loader_path/Frameworks";
				PRODUCT_BUNDLE_IDENTIFIER = "com.limpid.----UITests";
				PRODUCT_NAME = "$(TARGET_NAME)";
				TEST_TARGET_NAME = "链式编程";
			};
			name = Debug;
		};
		F0F9FDD61D66B0B2009752C7 /* Release */ = {
			isa = XCBuildConfiguration;
			buildSettings = {
				INFOPLIST_FILE = "链式编程UITests/Info.plist";
				LD_RUNPATH_SEARCH_PATHS = "$(inherited) @executable_path/Frameworks @loader_path/Frameworks";
				PRODUCT_BUNDLE_IDENTIFIER = "com.limpid.----UITests";
				PRODUCT_NAME = "$(TARGET_NAME)";
				TEST_TARGET_NAME = "链式编程";
			};
			name = Release;
		};
/* End XCBuildConfiguration section */

/* Begin XCConfigurationList section */
		F0F9FD9C1D66B0B2009752C7 /* Build configuration list for PBXProject "链式编程" */ = {
			isa = XCConfigurationList;
			buildConfigurations = (
				F0F9FDCC1D66B0B2009752C7 /* Debug */,
				F0F9FDCD1D66B0B2009752C7 /* Release */,
			);
			defaultConfigurationIsVisible = 0;
			defaultConfigurationName = Release;
		};
		F0F9FDCE1D66B0B2009752C7 /* Build configuration list for PBXNativeTarget "链式编程" */ = {
			isa = XCConfigurationList;
			buildConfigurations = (
				F0F9FDCF1D66B0B2009752C7 /* Debug */,
				F0F9FDD01D66B0B2009752C7 /* Release */,
			);
			defaultConfigurationIsVisible = 0;
		};
		F0F9FDD11D66B0B2009752C7 /* Build configuration list for PBXNativeTarget "链式编程Tests" */ = {
			isa = XCConfigurationList;
			buildConfigurations = (
				F0F9FDD21D66B0B2009752C7 /* Debug */,
				F0F9FDD31D66B0B2009752C7 /* Release */,
			);
			defaultConfigurationIsVisible = 0;
		};
		F0F9FDD41D66B0B2009752C7 /* Build configuration list for PBXNativeTarget "链式编程UITests" */ = {
			isa = XCConfigurationList;
			buildConfigurations = (
				F0F9FDD51D66B0B2009752C7 /* Debug */,
				F0F9FDD61D66B0B2009752C7 /* Release */,
			);
			defaultConfigurationIsVisible = 0;
		};
/* End XCConfigurationList section */
	};
	rootObject = F0F9FD991D66B0B2009752C7 /* Project object */;
}
